
Microsoft Visual Studio Solution File, Format Version 12.00
# Visual Studio Version 17
VisualStudioVersion = 17.5.33414.496
MinimumVisualStudioVersion = 10.0.40219.1
Project("{FAE04EC0-301F-11D3-BF4B-00C04F79EFBC}") = "HelloService", "HelloService\HelloService.csproj", "{D2A474A9-3D9B-4B5E-ACD4-454BD7A76F11}"
EndProject
Project("{FAE04EC0-301F-11D3-BF4B-00C04F79EFBC}") = "HelloServiceHost", "HelloServiceHost\HelloServiceHost.csproj", "{2780A4ED-C609-4389-B6FC-A3E9B7C376AD}"
EndProject
Global
	GlobalSection(SolutionConfigurationPlatforms) = preSolution
		Debug|Any CPU = Debug|Any CPU
		Release|Any CPU = Release|Any CPU
	EndGlobalSection
	GlobalSection(ProjectConfigurationPlatforms) = postSolution
		{D2A474A9-3D9B-4B5E-ACD4-454BD7A76F11}.Debug|Any CPU.ActiveCfg = Debug|Any CPU
		{D2A474A9-3D9B-4B5E-ACD4-454BD7A76F11}.Debug|Any CPU.Build.0 = Debug|Any CPU
		{D2A474A9-3D9B-4B5E-ACD4-454BD7A76F11}.Release|Any CPU.ActiveCfg = Release|Any CPU
		{D2A474A9-3D9B-4B5E-ACD4-454BD7A76F11}.Release|Any CPU.Build.0 = Release|Any CPU
		{2780A4ED-C609-4389-B6FC-A3E9B7C376AD}.Debug|Any CPU.ActiveCfg = Debug|Any CPU
		{2780A4ED-C609-4389-B6FC-A3E9B7C376AD}.Debug|Any CPU.Build.0 = Debug|Any CPU
		{2780A4ED-C609-4389-B6FC-A3E9B7C376AD}.Release|Any CPU.ActiveCfg = Release|Any CPU
		{2780A4ED-C609-4389-B6FC-A3E9B7C376AD}.Release|Any CPU.Build.0 = Release|Any CPU
	EndGlobalSection
	GlobalSection(SolutionProperties) = preSolution
		HideSolutionNode = FALSE
	EndGlobalSection
	GlobalSection(ExtensibilityGlobals) = postSolution
		SolutionGuid = {A39690D9-63F5-4086-A365-CBEA6797F7D8}
	EndGlobalSection
EndGlobal
