
Microsoft Visual Studio Solution File, Format Version 12.00
# Visual Studio Version 17
VisualStudioVersion = 17.5.33414.496
MinimumVisualStudioVersion = 10.0.40219.1
Project("{FAE04EC0-301F-11D3-BF4B-00C04F79EFBC}") = "CompanyService", "CompanyService\CompanyService.csproj", "{CE90BDE5-A52C-407D-978A-20F0EF2B8DE5}"
EndProject
Project("{FAE04EC0-301F-11D3-BF4B-00C04F79EFBC}") = "CompanyServiceHost", "CompanyServiceHost\CompanyServiceHost.csproj", "{D3E38B0A-5182-498C-840D-6E243397CA28}"
EndProject
Global
	GlobalSection(SolutionConfigurationPlatforms) = preSolution
		Debug|Any CPU = Debug|Any CPU
		Release|Any CPU = Release|Any CPU
	EndGlobalSection
	GlobalSection(ProjectConfigurationPlatforms) = postSolution
		{CE90BDE5-A52C-407D-978A-20F0EF2B8DE5}.Debug|Any CPU.ActiveCfg = Debug|Any CPU
		{CE90BDE5-A52C-407D-978A-20F0EF2B8DE5}.Debug|Any CPU.Build.0 = Debug|Any CPU
		{CE90BDE5-A52C-407D-978A-20F0EF2B8DE5}.Release|Any CPU.ActiveCfg = Release|Any CPU
		{CE90BDE5-A52C-407D-978A-20F0EF2B8DE5}.Release|Any CPU.Build.0 = Release|Any CPU
		{D3E38B0A-5182-498C-840D-6E243397CA28}.Debug|Any CPU.ActiveCfg = Debug|Any CPU
		{D3E38B0A-5182-498C-840D-6E243397CA28}.Debug|Any CPU.Build.0 = Debug|Any CPU
		{D3E38B0A-5182-498C-840D-6E243397CA28}.Release|Any CPU.ActiveCfg = Release|Any CPU
		{D3E38B0A-5182-498C-840D-6E243397CA28}.Release|Any CPU.Build.0 = Release|Any CPU
	EndGlobalSection
	GlobalSection(SolutionProperties) = preSolution
		HideSolutionNode = FALSE
	EndGlobalSection
	GlobalSection(ExtensibilityGlobals) = postSolution
		SolutionGuid = {D4AA541A-8D6A-48DE-80B9-C60B69DE6D9F}
	EndGlobalSection
EndGlobal
